
Microsoft Visual Studio Solution File, Format Version 12.00
# Visual Studio Version 17
VisualStudioVersion = 17.10.35013.160
MinimumVisualStudioVersion = 10.0.40219.1
Project("{2150E333-8FDC-42A3-9474-1A3956D46DE8}") = "BuildingBlocks", "BuildingBlocks", "{F1A8C0A8-6663-48B4-914D-1189CC8FD99B}"
EndProject
Project("{9A19103F-16F7-4668-BE54-9A1E7A4F7556}") = "BuildingBlocks", "BuildingBlocks\BuildingBlocks\BuildingBlocks.csproj", "{5897998A-302D-4C8E-B94C-4B78998C4F9F}"
EndProject
Project("{9A19103F-16F7-4668-BE54-9A1E7A4F7556}") = "BuildingBlocks.Messaging", "BuildingBlocks\BuildingBlocks.Messaging\BuildingBlocks.Messaging.csproj", "{7DDA07CF-AFB6-40C5-888F-49BA43776D5C}"
EndProject
Project("{2150E333-8FDC-42A3-9474-1A3956D46DE8}") = "Services", "Services", "{588397C6-1C7D-417A-81E4-FFCB8CD5BD4E}"
EndProject
Project("{2150E333-8FDC-42A3-9474-1A3956D46DE8}") = "Project", "Project", "{49C297E2-C76B-4DCB-A7C6-DD072706B7A9}"
EndProject
Project("{2150E333-8FDC-42A3-9474-1A3956D46DE8}") = "Event", "Event", "{716BB008-82F1-46AF-A5D2-C3B8C1C9426A}"
EndProject
Project("{2150E333-8FDC-42A3-9474-1A3956D46DE8}") = "ApiGateways", "ApiGateways", "{C7EFBF97-3E49-4464-992D-5813FDB1649E}"
EndProject
Project("{9A19103F-16F7-4668-BE54-9A1E7A4F7556}") = "YarpApiGateway", "ApiGateways\YarpApiGateway\YarpApiGateway.csproj", "{71DC0CCE-F2E1-49AB-B349-1E098A962ACB}"
EndProject
Project("{2150E333-8FDC-42A3-9474-1A3956D46DE8}") = "Auth", "Auth", "{87163834-67BB-4D87-9536-CE39E216CA77}"
EndProject
Project("{9A19103F-16F7-4668-BE54-9A1E7A4F7556}") = "Auth.API", "Services\Auth\Auth.API\Auth.API.csproj", "{D10F579F-507E-4B74-84F6-CFB29F878829}"
EndProject
Project("{9A19103F-16F7-4668-BE54-9A1E7A4F7556}") = "Auth.Application", "Services\Auth\Auth.Services\Auth.Application.csproj", "{DB03BED9-6FB7-4FD9-AB0C-6E7DA0DB5F27}"
EndProject
Project("{9A19103F-16F7-4668-BE54-9A1E7A4F7556}") = "Auth.Repositories", "Services\Auth\Auth.Repositories\Auth.Repositories.csproj", "{D6022E56-5320-4113-95F2-9BA25B351E12}"
EndProject
Project("{9A19103F-16F7-4668-BE54-9A1E7A4F7556}") = "Auth.Data", "Services\Auth\Auth.Data\Auth.Data.csproj", "{C7F4B9EF-9229-48ED-B268-0E320D7E0CB9}"
EndProject
Project("{9A19103F-16F7-4668-BE54-9A1E7A4F7556}") = "Event.Features", "Services\Event\Event.Features\Event.Features.csproj", "{B672F4FA-1536-4183-AE42-503640E24350}"
EndProject
Project("{9A19103F-16F7-4668-BE54-9A1E7A4F7556}") = "Event.Infrastructure", "Services\Event\Event.Infrastructure\Event.Infrastructure.csproj", "{E84F9542-9FC5-4E05-A15E-41732CA732F3}"
EndProject
Project("{9A19103F-16F7-4668-BE54-9A1E7A4F7556}") = "Event.Shared", "Services\Event\Event.Shared\Event.Shared.csproj", "{281693D1-09ED-4E62-8964-BDF0E67EB4C5}"
EndProject
Project("{9A19103F-16F7-4668-BE54-9A1E7A4F7556}") = "Event.Core", "Services\Event\Event.Core\Event.Core.csproj", "{039A3839-085A-4CD4-8C95-76787134679E}"
EndProject
Project("{9A19103F-16F7-4668-BE54-9A1E7A4F7556}") = "Project.API", "Services\Project\Project.API\Project.API.csproj", "{B9ADD497-C817-483D-A065-67EF35382D0E}"
EndProject
Project("{9A19103F-16F7-4668-BE54-9A1E7A4F7556}") = "Project.Application", "Services\Project\Project.Application\Project.Application.csproj", "{C1555BB5-276D-461C-B3E2-699E9BEC6ED6}"
EndProject
Project("{9A19103F-16F7-4668-BE54-9A1E7A4F7556}") = "Project.Domain", "Services\Project\Project.Domain\Project.Domain.csproj", "{682287E7-B86D-4ECF-8EC2-5A5B4947655B}"
EndProject
Project("{9A19103F-16F7-4668-BE54-9A1E7A4F7556}") = "Project.Infrastructure", "Services\Project\Project.Infrastructure\Project.Infrastructure.csproj", "{99591530-65D7-4E0A-83BC-2F679994C35D}"
EndProject
Global
	GlobalSection(SolutionConfigurationPlatforms) = preSolution
		Debug|Any CPU = Debug|Any CPU
		Release|Any CPU = Release|Any CPU
	EndGlobalSection
	GlobalSection(ProjectConfigurationPlatforms) = postSolution
		{5897998A-302D-4C8E-B94C-4B78998C4F9F}.Debug|Any CPU.ActiveCfg = Debug|Any CPU
		{5897998A-302D-4C8E-B94C-4B78998C4F9F}.Debug|Any CPU.Build.0 = Debug|Any CPU
		{5897998A-302D-4C8E-B94C-4B78998C4F9F}.Release|Any CPU.ActiveCfg = Release|Any CPU
		{5897998A-302D-4C8E-B94C-4B78998C4F9F}.Release|Any CPU.Build.0 = Release|Any CPU
		{7DDA07CF-AFB6-40C5-888F-49BA43776D5C}.Debug|Any CPU.ActiveCfg = Debug|Any CPU
		{7DDA07CF-AFB6-40C5-888F-49BA43776D5C}.Debug|Any CPU.Build.0 = Debug|Any CPU
		{7DDA07CF-AFB6-40C5-888F-49BA43776D5C}.Release|Any CPU.ActiveCfg = Release|Any CPU
		{7DDA07CF-AFB6-40C5-888F-49BA43776D5C}.Release|Any CPU.Build.0 = Release|Any CPU
		{71DC0CCE-F2E1-49AB-B349-1E098A962ACB}.Debug|Any CPU.ActiveCfg = Debug|Any CPU
		{71DC0CCE-F2E1-49AB-B349-1E098A962ACB}.Debug|Any CPU.Build.0 = Debug|Any CPU
		{71DC0CCE-F2E1-49AB-B349-1E098A962ACB}.Release|Any CPU.ActiveCfg = Release|Any CPU
		{71DC0CCE-F2E1-49AB-B349-1E098A962ACB}.Release|Any CPU.Build.0 = Release|Any CPU
		{D10F579F-507E-4B74-84F6-CFB29F878829}.Debug|Any CPU.ActiveCfg = Debug|Any CPU
		{D10F579F-507E-4B74-84F6-CFB29F878829}.Debug|Any CPU.Build.0 = Debug|Any CPU
		{D10F579F-507E-4B74-84F6-CFB29F878829}.Release|Any CPU.ActiveCfg = Release|Any CPU
		{D10F579F-507E-4B74-84F6-CFB29F878829}.Release|Any CPU.Build.0 = Release|Any CPU
		{DB03BED9-6FB7-4FD9-AB0C-6E7DA0DB5F27}.Debug|Any CPU.ActiveCfg = Debug|Any CPU
		{DB03BED9-6FB7-4FD9-AB0C-6E7DA0DB5F27}.Debug|Any CPU.Build.0 = Debug|Any CPU
		{DB03BED9-6FB7-4FD9-AB0C-6E7DA0DB5F27}.Release|Any CPU.ActiveCfg = Release|Any CPU
		{DB03BED9-6FB7-4FD9-AB0C-6E7DA0DB5F27}.Release|Any CPU.Build.0 = Release|Any CPU
		{D6022E56-5320-4113-95F2-9BA25B351E12}.Debug|Any CPU.ActiveCfg = Debug|Any CPU
		{D6022E56-5320-4113-95F2-9BA25B351E12}.Debug|Any CPU.Build.0 = Debug|Any CPU
		{D6022E56-5320-4113-95F2-9BA25B351E12}.Release|Any CPU.ActiveCfg = Release|Any CPU
		{D6022E56-5320-4113-95F2-9BA25B351E12}.Release|Any CPU.Build.0 = Release|Any CPU
		{C7F4B9EF-9229-48ED-B268-0E320D7E0CB9}.Debug|Any CPU.ActiveCfg = Debug|Any CPU
		{C7F4B9EF-9229-48ED-B268-0E320D7E0CB9}.Debug|Any CPU.Build.0 = Debug|Any CPU
		{C7F4B9EF-9229-48ED-B268-0E320D7E0CB9}.Release|Any CPU.ActiveCfg = Release|Any CPU
		{C7F4B9EF-9229-48ED-B268-0E320D7E0CB9}.Release|Any CPU.Build.0 = Release|Any CPU
		{B672F4FA-1536-4183-AE42-503640E24350}.Debug|Any CPU.ActiveCfg = Debug|Any CPU
		{B672F4FA-1536-4183-AE42-503640E24350}.Debug|Any CPU.Build.0 = Debug|Any CPU
		{B672F4FA-1536-4183-AE42-503640E24350}.Release|Any CPU.ActiveCfg = Release|Any CPU
		{B672F4FA-1536-4183-AE42-503640E24350}.Release|Any CPU.Build.0 = Release|Any CPU
		{E84F9542-9FC5-4E05-A15E-41732CA732F3}.Debug|Any CPU.ActiveCfg = Debug|Any CPU
		{E84F9542-9FC5-4E05-A15E-41732CA732F3}.Debug|Any CPU.Build.0 = Debug|Any CPU
		{E84F9542-9FC5-4E05-A15E-41732CA732F3}.Release|Any CPU.ActiveCfg = Release|Any CPU
		{E84F9542-9FC5-4E05-A15E-41732CA732F3}.Release|Any CPU.Build.0 = Release|Any CPU
		{281693D1-09ED-4E62-8964-BDF0E67EB4C5}.Debug|Any CPU.ActiveCfg = Debug|Any CPU
		{281693D1-09ED-4E62-8964-BDF0E67EB4C5}.Debug|Any CPU.Build.0 = Debug|Any CPU
		{281693D1-09ED-4E62-8964-BDF0E67EB4C5}.Release|Any CPU.ActiveCfg = Release|Any CPU
		{281693D1-09ED-4E62-8964-BDF0E67EB4C5}.Release|Any CPU.Build.0 = Release|Any CPU
		{039A3839-085A-4CD4-8C95-76787134679E}.Debug|Any CPU.ActiveCfg = Debug|Any CPU
		{039A3839-085A-4CD4-8C95-76787134679E}.Debug|Any CPU.Build.0 = Debug|Any CPU
		{039A3839-085A-4CD4-8C95-76787134679E}.Release|Any CPU.ActiveCfg = Release|Any CPU
		{039A3839-085A-4CD4-8C95-76787134679E}.Release|Any CPU.Build.0 = Release|Any CPU
		{B9ADD497-C817-483D-A065-67EF35382D0E}.Debug|Any CPU.ActiveCfg = Debug|Any CPU
		{B9ADD497-C817-483D-A065-67EF35382D0E}.Debug|Any CPU.Build.0 = Debug|Any CPU
		{B9ADD497-C817-483D-A065-67EF35382D0E}.Release|Any CPU.ActiveCfg = Release|Any CPU
		{B9ADD497-C817-483D-A065-67EF35382D0E}.Release|Any CPU.Build.0 = Release|Any CPU
		{C1555BB5-276D-461C-B3E2-699E9BEC6ED6}.Debug|Any CPU.ActiveCfg = Debug|Any CPU
		{C1555BB5-276D-461C-B3E2-699E9BEC6ED6}.Debug|Any CPU.Build.0 = Debug|Any CPU
		{C1555BB5-276D-461C-B3E2-699E9BEC6ED6}.Release|Any CPU.ActiveCfg = Release|Any CPU
		{C1555BB5-276D-461C-B3E2-699E9BEC6ED6}.Release|Any CPU.Build.0 = Release|Any CPU
		{682287E7-B86D-4ECF-8EC2-5A5B4947655B}.Debug|Any CPU.ActiveCfg = Debug|Any CPU
		{682287E7-B86D-4ECF-8EC2-5A5B4947655B}.Debug|Any CPU.Build.0 = Debug|Any CPU
		{682287E7-B86D-4ECF-8EC2-5A5B4947655B}.Release|Any CPU.ActiveCfg = Release|Any CPU
		{682287E7-B86D-4ECF-8EC2-5A5B4947655B}.Release|Any CPU.Build.0 = Release|Any CPU
		{99591530-65D7-4E0A-83BC-2F679994C35D}.Debug|Any CPU.ActiveCfg = Debug|Any CPU
		{99591530-65D7-4E0A-83BC-2F679994C35D}.Debug|Any CPU.Build.0 = Debug|Any CPU
		{99591530-65D7-4E0A-83BC-2F679994C35D}.Release|Any CPU.ActiveCfg = Release|Any CPU
		{99591530-65D7-4E0A-83BC-2F679994C35D}.Release|Any CPU.Build.0 = Release|Any CPU
	EndGlobalSection
	GlobalSection(SolutionProperties) = preSolution
		HideSolutionNode = FALSE
	EndGlobalSection
	GlobalSection(NestedProjects) = preSolution
		{5897998A-302D-4C8E-B94C-4B78998C4F9F} = {F1A8C0A8-6663-48B4-914D-1189CC8FD99B}
		{7DDA07CF-AFB6-40C5-888F-49BA43776D5C} = {F1A8C0A8-6663-48B4-914D-1189CC8FD99B}
		{49C297E2-C76B-4DCB-A7C6-DD072706B7A9} = {588397C6-1C7D-417A-81E4-FFCB8CD5BD4E}
		{716BB008-82F1-46AF-A5D2-C3B8C1C9426A} = {588397C6-1C7D-417A-81E4-FFCB8CD5BD4E}
		{71DC0CCE-F2E1-49AB-B349-1E098A962ACB} = {C7EFBF97-3E49-4464-992D-5813FDB1649E}
		{87163834-67BB-4D87-9536-CE39E216CA77} = {588397C6-1C7D-417A-81E4-FFCB8CD5BD4E}
		{D10F579F-507E-4B74-84F6-CFB29F878829} = {87163834-67BB-4D87-9536-CE39E216CA77}
		{DB03BED9-6FB7-4FD9-AB0C-6E7DA0DB5F27} = {87163834-67BB-4D87-9536-CE39E216CA77}
		{D6022E56-5320-4113-95F2-9BA25B351E12} = {87163834-67BB-4D87-9536-CE39E216CA77}
		{C7F4B9EF-9229-48ED-B268-0E320D7E0CB9} = {87163834-67BB-4D87-9536-CE39E216CA77}
		{B672F4FA-1536-4183-AE42-503640E24350} = {716BB008-82F1-46AF-A5D2-C3B8C1C9426A}
		{E84F9542-9FC5-4E05-A15E-41732CA732F3} = {716BB008-82F1-46AF-A5D2-C3B8C1C9426A}
		{281693D1-09ED-4E62-8964-BDF0E67EB4C5} = {716BB008-82F1-46AF-A5D2-C3B8C1C9426A}
		{039A3839-085A-4CD4-8C95-76787134679E} = {716BB008-82F1-46AF-A5D2-C3B8C1C9426A}
		{B9ADD497-C817-483D-A065-67EF35382D0E} = {49C297E2-C76B-4DCB-A7C6-DD072706B7A9}
		{C1555BB5-276D-461C-B3E2-699E9BEC6ED6} = {49C297E2-C76B-4DCB-A7C6-DD072706B7A9}
		{682287E7-B86D-4ECF-8EC2-5A5B4947655B} = {49C297E2-C76B-4DCB-A7C6-DD072706B7A9}
		{99591530-65D7-4E0A-83BC-2F679994C35D} = {49C297E2-C76B-4DCB-A7C6-DD072706B7A9}
	EndGlobalSection
	GlobalSection(ExtensibilityGlobals) = postSolution
		SolutionGuid = {A2D83427-F811-4BA7-BC05-B203373D5D83}
	EndGlobalSection
EndGlobal
